{
  "schema_version": 1,
  "cargo_lock_sha256": "af96b856b422e8ca387d924db8f6be027c1c02a13a625113c14d464d9ca27ae6",
  "target_resolves": {
    "base": {
      "aho-corasick-1.1.4": {
        "runtime_dependencies": [
          {
            "name": "memchr",
            "package_key": "memchr-2.8.0",
            "kind": "normal",
            "features": [],
            "uses_default_features": false,
            "optional": true,
            "target": null,
            "tree": "target"
          }
        ],
        "build_dependencies": [],
        "features": [
          "perf-literal",
          "std"
        ]
      },
      "cc-1.2.62": {
        "runtime_dependencies": [
          {
            "name": "find_msvc_tools",
            "package_key": "find-msvc-tools-0.1.9",
            "kind": "normal",
            "features": [],
            "uses_default_features": true,
            "optional": false,
            "target": null,
            "tree": "target"
          },
          {
            "name": "shlex",
            "package_key": "shlex-1.3.0",
            "kind": "normal",
            "features": [],
            "uses_default_features": true,
            "optional": false,
            "target": null,
            "tree": "target"
          }
        ],
        "build_dependencies": [],
        "features": []
      },
      "equivalent-1.0.2": {
        "runtime_dependencies": [],
        "build_dependencies": [],
        "features": []
      },
      "find-msvc-tools-0.1.9": {
        "runtime_dependencies": [],
        "build_dependencies": [],
        "features": []
      },
      "hashbrown-0.17.1": {
        "runtime_dependencies": [],
        "build_dependencies": [],
        "features": []
      },
      "indexmap-2.14.0": {
        "runtime_dependencies": [
          {
            "name": "equivalent",
            "package_key": "equivalent-1.0.2",
            "kind": "normal",
            "features": [],
            "uses_default_features": false,
            "optional": false,
            "target": null,
            "tree": "target"
          },
          {
            "name": "hashbrown",
            "package_key": "hashbrown-0.17.1",
            "kind": "normal",
            "features": [],
            "uses_default_features": false,
            "optional": false,
            "target": null,
            "tree": "target"
          }
        ],
        "build_dependencies": [],
        "features": [
          "default",
          "std"
        ]
      },
      "itoa-1.0.18": {
        "runtime_dependencies": [],
        "build_dependencies": [],
        "features": []
      },
      "memchr-2.8.0": {
        "runtime_dependencies": [],
        "build_dependencies": [],
        "features": [
          "alloc",
          "std"
        ]
      },
      "pleme-bm-syntax-0.1.1": {
        "runtime_dependencies": [
          {
            "name": "serde",
            "package_key": "serde-1.0.228",
            "kind": "normal",
            "features": [
              "derive"
            ],
            "uses_default_features": true,
            "optional": false,
            "target": null,
            "tree": "target"
          },
          {
            "name": "serde_yaml",
            "package_key": "serde_yaml-0.9.34+deprecated",
            "kind": "normal",
            "features": [],
            "uses_default_features": true,
            "optional": false,
            "target": null,
            "tree": "target"
          },
          {
            "name": "thiserror",
            "package_key": "thiserror-2.0.18",
            "kind": "normal",
            "features": [],
            "uses_default_features": true,
            "optional": false,
            "target": null,
            "tree": "target"
          },
          {
            "name": "tree_sitter",
            "package_key": "tree-sitter-0.25.10",
            "kind": "normal",
            "features": [],
            "uses_default_features": true,
            "optional": false,
            "target": null,
            "tree": "target"
          },
          {
            "name": "tree_sitter_bash",
            "package_key": "tree-sitter-bash-0.23.3",
            "kind": "normal",
            "features": [],
            "uses_default_features": true,
            "optional": false,
            "target": null,
            "tree": "target"
          }
        ],
        "build_dependencies": [],
        "features": []
      },
      "proc-macro2-1.0.106": {
        "runtime_dependencies": [
          {
            "name": "unicode_ident",
            "package_key": "unicode-ident-1.0.24",
            "kind": "normal",
            "features": [],
            "uses_default_features": true,
            "optional": false,
            "target": null,
            "tree": "target"
          }
        ],
        "build_dependencies": [],
        "features": [
          "default",
          "proc-macro"
        ]
      },
      "quote-1.0.45": {
        "runtime_dependencies": [
          {
            "name": "proc_macro2",
            "package_key": "proc-macro2-1.0.106",
            "kind": "normal",
            "features": [],
            "uses_default_features": true,
            "optional": false,
            "target": null,
            "tree": "target"
          }
        ],
        "build_dependencies": [],
        "features": [
          "default",
          "proc-macro"
        ]
      },
      "regex-1.12.3": {
        "runtime_dependencies": [
          {
            "name": "aho_corasick",
            "package_key": "aho-corasick-1.1.4",
            "kind": "normal",
            "features": [],
            "uses_default_features": true,
            "optional": false,
            "target": null,
            "tree": "target"
          },
          {
            "name": "memchr",
            "package_key": "memchr-2.8.0",
            "kind": "normal",
            "features": [],
            "uses_default_features": false,
            "optional": true,
            "target": null,
            "tree": "target"
          },
          {
            "name": "regex_automata",
            "package_key": "regex-automata-0.4.14",
            "kind": "normal",
            "features": [],
            "uses_default_features": true,
            "optional": false,
            "target": null,
            "tree": "target"
          },
          {
            "name": "regex_syntax",
            "package_key": "regex-syntax-0.8.10",
            "kind": "normal",
            "features": [],
            "uses_default_features": true,
            "optional": false,
            "target": null,
            "tree": "target"
          }
        ],
        "build_dependencies": [],
        "features": [
          "perf",
          "perf-backtrack",
          "perf-cache",
          "perf-dfa",
          "perf-inline",
          "perf-literal",
          "perf-onepass",
          "std",
          "unicode",
          "unicode-age",
          "unicode-bool",
          "unicode-case",
          "unicode-gencat",
          "unicode-perl",
          "unicode-script",
          "unicode-segment"
        ]
      },
      "regex-automata-0.4.14": {
        "runtime_dependencies": [
          {
            "name": "aho_corasick",
            "package_key": "aho-corasick-1.1.4",
            "kind": "normal",
            "features": [],
            "uses_default_features": true,
            "optional": false,
            "target": null,
            "tree": "target"
          },
          {
            "name": "memchr",
            "package_key": "memchr-2.8.0",
            "kind": "normal",
            "features": [],
            "uses_default_features": false,
            "optional": true,
            "target": null,
            "tree": "target"
          },
          {
            "name": "regex_syntax",
            "package_key": "regex-syntax-0.8.10",
            "kind": "normal",
            "features": [],
            "uses_default_features": true,
            "optional": false,
            "target": null,
            "tree": "target"
          }
        ],
        "build_dependencies": [],
        "features": [
          "alloc",
          "dfa-onepass",
          "hybrid",
          "meta",
          "nfa-backtrack",
          "nfa-pikevm",
          "nfa-thompson",
          "perf-inline",
          "perf-literal",
          "perf-literal-multisubstring",
          "perf-literal-substring",
          "std",
          "syntax",
          "unicode",
          "unicode-age",
          "unicode-bool",
          "unicode-case",
          "unicode-gencat",
          "unicode-perl",
          "unicode-script",
          "unicode-segment",
          "unicode-word-boundary"
        ]
      },
      "regex-syntax-0.8.10": {
        "runtime_dependencies": [],
        "build_dependencies": [],
        "features": [
          "std",
          "unicode",
          "unicode-age",
          "unicode-bool",
          "unicode-case",
          "unicode-gencat",
          "unicode-perl",
          "unicode-script",
          "unicode-segment"
        ]
      },
      "ryu-1.0.23": {
        "runtime_dependencies": [],
        "build_dependencies": [],
        "features": []
      },
      "serde-1.0.228": {
        "runtime_dependencies": [
          {
            "name": "serde_core",
            "package_key": "serde_core-1.0.228",
            "kind": "normal",
            "features": [
              "result"
            ],
            "uses_default_features": false,
            "optional": false,
            "target": null,
            "tree": "target"
          },
          {
            "name": "serde_derive",
            "package_key": "serde_derive-1.0.228",
            "kind": "normal",
            "features": [],
            "uses_default_features": true,
            "optional": true,
            "target": null,
            "tree": "host"
          }
        ],
        "build_dependencies": [],
        "features": [
          "default",
          "derive",
          "serde_derive",
          "std"
        ]
      },
      "serde_core-1.0.228": {
        "runtime_dependencies": [],
        "build_dependencies": [],
        "features": [
          "result",
          "std"
        ]
      },
      "serde_derive-1.0.228": {
        "runtime_dependencies": [
          {
            "name": "proc_macro2",
            "package_key": "proc-macro2-1.0.106",
            "kind": "normal",
            "features": [],
            "uses_default_features": true,
            "optional": false,
            "target": null,
            "tree": "target"
          },
          {
            "name": "quote",
            "package_key": "quote-1.0.45",
            "kind": "normal",
            "features": [
              "proc-macro"
            ],
            "uses_default_features": false,
            "optional": false,
            "target": null,
            "tree": "target"
          },
          {
            "name": "syn",
            "package_key": "syn-2.0.117",
            "kind": "normal",
            "features": [
              "clone-impls",
              "derive",
              "parsing",
              "printing",
              "proc-macro"
            ],
            "uses_default_features": false,
            "optional": false,
            "target": null,
            "tree": "target"
          }
        ],
        "build_dependencies": [],
        "features": [
          "default"
        ]
      },
      "serde_json-1.0.150": {
        "runtime_dependencies": [
          {
            "name": "indexmap",
            "package_key": "indexmap-2.14.0",
            "kind": "normal",
            "features": [],
            "uses_default_features": true,
            "optional": true,
            "target": null,
            "tree": "target"
          },
          {
            "name": "itoa",
            "package_key": "itoa-1.0.18",
            "kind": "normal",
            "features": [],
            "uses_default_features": true,
            "optional": false,
            "target": null,
            "tree": "target"
          },
          {
            "name": "memchr",
            "package_key": "memchr-2.8.0",
            "kind": "normal",
            "features": [],
            "uses_default_features": false,
            "optional": false,
            "target": null,
            "tree": "target"
          },
          {
            "name": "serde_core",
            "package_key": "serde_core-1.0.228",
            "kind": "normal",
            "features": [],
            "uses_default_features": false,
            "optional": false,
            "target": null,
            "tree": "target"
          },
          {
            "name": "zmij",
            "package_key": "zmij-1.0.21",
            "kind": "normal",
            "features": [],
            "uses_default_features": true,
            "optional": false,
            "target": null,
            "tree": "target"
          }
        ],
        "build_dependencies": [],
        "features": [
          "default",
          "indexmap",
          "preserve_order",
          "std"
        ]
      },
      "serde_yaml-0.9.34+deprecated": {
        "runtime_dependencies": [
          {
            "name": "indexmap",
            "package_key": "indexmap-2.14.0",
            "kind": "normal",
            "features": [],
            "uses_default_features": true,
            "optional": false,
            "target": null,
            "tree": "target"
          },
          {
            "name": "itoa",
            "package_key": "itoa-1.0.18",
            "kind": "normal",
            "features": [],
            "uses_default_features": true,
            "optional": false,
            "target": null,
            "tree": "target"
          },
          {
            "name": "ryu",
            "package_key": "ryu-1.0.23",
            "kind": "normal",
            "features": [],
            "uses_default_features": true,
            "optional": false,
            "target": null,
            "tree": "target"
          },
          {
            "name": "serde",
            "package_key": "serde-1.0.228",
            "kind": "normal",
            "features": [],
            "uses_default_features": true,
            "optional": false,
            "target": null,
            "tree": "target"
          },
          {
            "name": "unsafe_libyaml",
            "package_key": "unsafe-libyaml-0.2.11",
            "kind": "normal",
            "features": [],
            "uses_default_features": true,
            "optional": false,
            "target": null,
            "tree": "target"
          }
        ],
        "build_dependencies": [],
        "features": []
      },
      "shlex-1.3.0": {
        "runtime_dependencies": [],
        "build_dependencies": [],
        "features": [
          "default",
          "std"
        ]
      },
      "streaming-iterator-0.1.9": {
        "runtime_dependencies": [],
        "build_dependencies": [],
        "features": []
      },
      "syn-2.0.117": {
        "runtime_dependencies": [
          {
            "name": "proc_macro2",
            "package_key": "proc-macro2-1.0.106",
            "kind": "normal",
            "features": [],
            "uses_default_features": true,
            "optional": false,
            "target": null,
            "tree": "target"
          },
          {
            "name": "quote",
            "package_key": "quote-1.0.45",
            "kind": "normal",
            "features": [],
            "uses_default_features": false,
            "optional": true,
            "target": null,
            "tree": "target"
          },
          {
            "name": "unicode_ident",
            "package_key": "unicode-ident-1.0.24",
            "kind": "normal",
            "features": [],
            "uses_default_features": true,
            "optional": false,
            "target": null,
            "tree": "target"
          }
        ],
        "build_dependencies": [],
        "features": [
          "clone-impls",
          "default",
          "derive",
          "parsing",
          "printing",
          "proc-macro"
        ]
      },
      "thiserror-2.0.18": {
        "runtime_dependencies": [
          {
            "name": "thiserror_impl",
            "package_key": "thiserror-impl-2.0.18",
            "kind": "normal",
            "features": [],
            "uses_default_features": true,
            "optional": false,
            "target": null,
            "tree": "host"
          }
        ],
        "build_dependencies": [],
        "features": [
          "default",
          "std"
        ]
      },
      "thiserror-impl-2.0.18": {
        "runtime_dependencies": [
          {
            "name": "proc_macro2",
            "package_key": "proc-macro2-1.0.106",
            "kind": "normal",
            "features": [],
            "uses_default_features": true,
            "optional": false,
            "target": null,
            "tree": "target"
          },
          {
            "name": "quote",
            "package_key": "quote-1.0.45",
            "kind": "normal",
            "features": [],
            "uses_default_features": true,
            "optional": false,
            "target": null,
            "tree": "target"
          },
          {
            "name": "syn",
            "package_key": "syn-2.0.117",
            "kind": "normal",
            "features": [],
            "uses_default_features": true,
            "optional": false,
            "target": null,
            "tree": "target"
          }
        ],
        "build_dependencies": [],
        "features": []
      },
      "tree-sitter-0.25.10": {
        "runtime_dependencies": [
          {
            "name": "regex",
            "package_key": "regex-1.12.3",
            "kind": "normal",
            "features": [
              "unicode"
            ],
            "uses_default_features": false,
            "optional": false,
            "target": null,
            "tree": "target"
          },
          {
            "name": "regex_syntax",
            "package_key": "regex-syntax-0.8.10",
            "kind": "normal",
            "features": [],
            "uses_default_features": true,
            "optional": false,
            "target": null,
            "tree": "target"
          },
          {
            "name": "streaming_iterator",
            "package_key": "streaming-iterator-0.1.9",
            "kind": "normal",
            "features": [],
            "uses_default_features": true,
            "optional": false,
            "target": null,
            "tree": "target"
          },
          {
            "name": "tree_sitter_language",
            "package_key": "tree-sitter-language-0.1.7",
            "kind": "normal",
            "features": [],
            "uses_default_features": true,
            "optional": false,
            "target": null,
            "tree": "target"
          }
        ],
        "build_dependencies": [
          {
            "name": "cc",
            "package_key": "cc-1.2.62",
            "kind": "build",
            "features": [],
            "uses_default_features": true,
            "optional": false,
            "target": null,
            "tree": "host"
          },
          {
            "name": "serde_json",
            "package_key": "serde_json-1.0.150",
            "kind": "build",
            "features": [
              "preserve_order"
            ],
            "uses_default_features": true,
            "optional": false,
            "target": null,
            "tree": "host"
          }
        ],
        "features": [
          "default",
          "std"
        ]
      },
      "tree-sitter-bash-0.23.3": {
        "runtime_dependencies": [
          {
            "name": "tree_sitter_language",
            "package_key": "tree-sitter-language-0.1.7",
            "kind": "normal",
            "features": [],
            "uses_default_features": true,
            "optional": false,
            "target": null,
            "tree": "target"
          }
        ],
        "build_dependencies": [
          {
            "name": "cc",
            "package_key": "cc-1.2.62",
            "kind": "build",
            "features": [],
            "uses_default_features": true,
            "optional": false,
            "target": null,
            "tree": "host"
          }
        ],
        "features": []
      },
      "tree-sitter-language-0.1.7": {
        "runtime_dependencies": [],
        "build_dependencies": [],
        "features": []
      },
      "unicode-ident-1.0.24": {
        "runtime_dependencies": [],
        "build_dependencies": [],
        "features": []
      },
      "unsafe-libyaml-0.2.11": {
        "runtime_dependencies": [],
        "build_dependencies": [],
        "features": []
      },
      "zmij-1.0.21": {
        "runtime_dependencies": [],
        "build_dependencies": [],
        "features": []
      }
    },
    "targets": {
      "aarch64-apple-darwin": {
        "overrides": {}
      },
      "x86_64-apple-darwin": {
        "overrides": {}
      },
      "x86_64-unknown-linux-gnu": {
        "overrides": {}
      },
      "x86_64-unknown-linux-musl": {
        "overrides": {}
      },
      "aarch64-unknown-linux-gnu": {
        "overrides": {}
      },
      "aarch64-unknown-linux-musl": {
        "overrides": {}
      }
    }
  },
  "per_crate": {
    "aho-corasick-1.1.4": {
      "edition": "2021"
    },
    "cc-1.2.62": {
      "edition": "2018"
    },
    "equivalent-1.0.2": {
      "edition": "2015"
    },
    "find-msvc-tools-0.1.9": {
      "edition": "2018"
    },
    "hashbrown-0.17.1": {
      "edition": "2024"
    },
    "indexmap-2.14.0": {
      "edition": "2024"
    },
    "itoa-1.0.18": {
      "edition": "2021"
    },
    "memchr-2.8.0": {
      "edition": "2021"
    },
    "pleme-bm-syntax-0.1.1": {
      "edition": "2021",
      "lib_target": {
        "name": "bm_syntax",
        "path": "src/lib.rs"
      },
      "binaries": [
        {
          "name": "bm-syntax",
          "path": "src/main.rs"
        }
      ]
    },
    "proc-macro2-1.0.106": {
      "edition": "2021",
      "build_script": "build.rs"
    },
    "quote-1.0.45": {
      "edition": "2021",
      "build_script": "build.rs"
    },
    "regex-1.12.3": {
      "edition": "2021"
    },
    "regex-automata-0.4.14": {
      "edition": "2021"
    },
    "regex-syntax-0.8.10": {
      "edition": "2021"
    },
    "ryu-1.0.23": {
      "edition": "2021"
    },
    "serde-1.0.228": {
      "edition": "2021",
      "build_script": "build.rs"
    },
    "serde_core-1.0.228": {
      "edition": "2021",
      "build_script": "build.rs"
    },
    "serde_derive-1.0.228": {
      "edition": "2021",
      "proc_macro": true
    },
    "serde_json-1.0.150": {
      "edition": "2021",
      "build_script": "build.rs"
    },
    "serde_yaml-0.9.34+deprecated": {
      "edition": "2021"
    },
    "shlex-1.3.0": {
      "edition": "2015"
    },
    "streaming-iterator-0.1.9": {
      "edition": "2021"
    },
    "syn-2.0.117": {
      "edition": "2021"
    },
    "thiserror-2.0.18": {
      "edition": "2021",
      "build_script": "build.rs"
    },
    "thiserror-impl-2.0.18": {
      "edition": "2021",
      "proc_macro": true
    },
    "tree-sitter-0.25.10": {
      "edition": "2021",
      "build_script": "binding_rust/build.rs",
      "links": "tree-sitter",
      "lib_target": {
        "name": "tree_sitter",
        "path": "binding_rust/lib.rs"
      }
    },
    "tree-sitter-bash-0.23.3": {
      "edition": "2021",
      "build_script": "bindings/rust/build.rs",
      "lib_target": {
        "name": "tree_sitter_bash",
        "path": "bindings/rust/lib.rs"
      }
    },
    "tree-sitter-language-0.1.7": {
      "edition": "2021",
      "build_script": "build.rs",
      "links": "tree-sitter-language",
      "lib_target": {
        "name": "tree_sitter_language",
        "path": "src/language.rs"
      }
    },
    "unicode-ident-1.0.24": {
      "edition": "2021"
    },
    "unsafe-libyaml-0.2.11": {
      "edition": "2021",
      "binaries": [
        {
          "name": "run-emitter-test-suite",
          "path": "src/bin/run-emitter-test-suite.rs"
        },
        {
          "name": "run-parser-test-suite",
          "path": "src/bin/run-parser-test-suite.rs"
        }
      ]
    },
    "zmij-1.0.21": {
      "edition": "2021",
      "build_script": "build.rs"
    }
  },
  "git_nar_sha256": {},
  "flake_metadata": {}
}
